
Microsoft Visual Studio Solution File, Format Version 12.00
# Visual Studio Version 17
VisualStudioVersion = 17.1.32210.238
MinimumVisualStudioVersion = 10.0.40219.1
Project("{9092AA53-FB77-4645-B42D-1CCCA6BD08BD}") = "root-access", "root-access\root-access.njsproj", "{CCC82C64-2BB1-4C00-B877-E51982FFCB47}"
EndProject
Global
	GlobalSection(SolutionConfigurationPlatforms) = preSolution
		Debug|Any CPU = Debug|Any CPU
		Release|Any CPU = Release|Any CPU
	EndGlobalSection
	GlobalSection(ProjectConfigurationPlatforms) = postSolution
		{CCC82C64-2BB1-4C00-B877-E51982FFCB47}.Debug|Any CPU.ActiveCfg = Debug|Any CPU
		{CCC82C64-2BB1-4C00-B877-E51982FFCB47}.Debug|Any CPU.Build.0 = Debug|Any CPU
		{CCC82C64-2BB1-4C00-B877-E51982FFCB47}.Release|Any CPU.ActiveCfg = Release|Any CPU
		{CCC82C64-2BB1-4C00-B877-E51982FFCB47}.Release|Any CPU.Build.0 = Release|Any CPU
	EndGlobalSection
	GlobalSection(SolutionProperties) = preSolution
		HideSolutionNode = FALSE
	EndGlobalSection
	GlobalSection(ExtensibilityGlobals) = postSolution
		SolutionGuid = {588700DE-6B8D-4925-8D98-82ACADDDB090}
	EndGlobalSection
EndGlobal
